
Microsoft Visual Studio Solution File, Format Version 12.00
# Visual Studio Version 17
VisualStudioVersion = 17.0.31903.59
MinimumVisualStudioVersion = 10.0.40219.1
Project("{2150E333-8FDC-42A3-9474-1A3956D46DE8}") = "src", "src", "{E7A7714C-D63F-4720-8883-D1572623E7F3}"
EndProject
Project("{9A19103F-16F7-4668-BE54-9A1E7A4F7556}") = "ERPApp.API", "src\ERPApp.API\ERPApp.API.csproj", "{317EB399-A27F-4474-B368-0C42E285145A}"
EndProject
Project("{9A19103F-16F7-4668-BE54-9A1E7A4F7556}") = "ERPApp.Shared", "src\ERPApp.Shared\ERPApp.Shared.csproj", "{F397DEB3-33D5-42EA-A69C-AF50ECBDC027}"
EndProject
Project("{9A19103F-16F7-4668-BE54-9A1E7A4F7556}") = "ERPApp.Infrastructure", "src\ERPApp.Infrastructure\ERPApp.Infrastructure.csproj", "{D5D13792-0AE9-4D81-81E1-D8FA1F9C3CBA}"
EndProject
Project("{2150E333-8FDC-42A3-9474-1A3956D46DE8}") = "Modules", "Modules", "{B619E19B-9029-4979-9ACA-FFCD9E6A9B89}"
EndProject
Project("{2150E333-8FDC-42A3-9474-1A3956D46DE8}") = "Auth", "Auth", "{4DAAD25F-870F-45E9-99C2-75525A687A1C}"
EndProject
Project("{9A19103F-16F7-4668-BE54-9A1E7A4F7556}") = "Auth.Domain", "src\Modules\Auth\Auth.Domain\Auth.Domain.csproj", "{D2922870-1630-4877-8B87-FF4F74C6FBAF}"
EndProject
Project("{9A19103F-16F7-4668-BE54-9A1E7A4F7556}") = "Auth.Application", "src\Modules\Auth\Auth.Application\Auth.Application.csproj", "{50733E53-0F46-4C94-A631-01123D32B868}"
EndProject
Project("{9A19103F-16F7-4668-BE54-9A1E7A4F7556}") = "Auth.Infrastructure", "src\Modules\Auth\Auth.Infrastructure\Auth.Infrastructure.csproj", "{17A4864F-8A7C-4A4D-9610-D2FE4A9A40EE}"
EndProject
Global
	GlobalSection(SolutionConfigurationPlatforms) = preSolution
		Debug|Any CPU = Debug|Any CPU
		Release|Any CPU = Release|Any CPU
	EndGlobalSection
	GlobalSection(ProjectConfigurationPlatforms) = postSolution
		{317EB399-A27F-4474-B368-0C42E285145A}.Debug|Any CPU.ActiveCfg = Debug|Any CPU
		{317EB399-A27F-4474-B368-0C42E285145A}.Debug|Any CPU.Build.0 = Debug|Any CPU
		{317EB399-A27F-4474-B368-0C42E285145A}.Release|Any CPU.ActiveCfg = Release|Any CPU
		{317EB399-A27F-4474-B368-0C42E285145A}.Release|Any CPU.Build.0 = Release|Any CPU
		{F397DEB3-33D5-42EA-A69C-AF50ECBDC027}.Debug|Any CPU.ActiveCfg = Debug|Any CPU
		{F397DEB3-33D5-42EA-A69C-AF50ECBDC027}.Debug|Any CPU.Build.0 = Debug|Any CPU
		{F397DEB3-33D5-42EA-A69C-AF50ECBDC027}.Release|Any CPU.ActiveCfg = Release|Any CPU
		{F397DEB3-33D5-42EA-A69C-AF50ECBDC027}.Release|Any CPU.Build.0 = Release|Any CPU
		{D5D13792-0AE9-4D81-81E1-D8FA1F9C3CBA}.Debug|Any CPU.ActiveCfg = Debug|Any CPU
		{D5D13792-0AE9-4D81-81E1-D8FA1F9C3CBA}.Debug|Any CPU.Build.0 = Debug|Any CPU
		{D5D13792-0AE9-4D81-81E1-D8FA1F9C3CBA}.Release|Any CPU.ActiveCfg = Release|Any CPU
		{D5D13792-0AE9-4D81-81E1-D8FA1F9C3CBA}.Release|Any CPU.Build.0 = Release|Any CPU
		{D2922870-1630-4877-8B87-FF4F74C6FBAF}.Debug|Any CPU.ActiveCfg = Debug|Any CPU
		{D2922870-1630-4877-8B87-FF4F74C6FBAF}.Debug|Any CPU.Build.0 = Debug|Any CPU
		{D2922870-1630-4877-8B87-FF4F74C6FBAF}.Release|Any CPU.ActiveCfg = Release|Any CPU
		{D2922870-1630-4877-8B87-FF4F74C6FBAF}.Release|Any CPU.Build.0 = Release|Any CPU
		{50733E53-0F46-4C94-A631-01123D32B868}.Debug|Any CPU.ActiveCfg = Debug|Any CPU
		{50733E53-0F46-4C94-A631-01123D32B868}.Debug|Any CPU.Build.0 = Debug|Any CPU
		{50733E53-0F46-4C94-A631-01123D32B868}.Release|Any CPU.ActiveCfg = Release|Any CPU
		{50733E53-0F46-4C94-A631-01123D32B868}.Release|Any CPU.Build.0 = Release|Any CPU
		{17A4864F-8A7C-4A4D-9610-D2FE4A9A40EE}.Debug|Any CPU.ActiveCfg = Debug|Any CPU
		{17A4864F-8A7C-4A4D-9610-D2FE4A9A40EE}.Debug|Any CPU.Build.0 = Debug|Any CPU
		{17A4864F-8A7C-4A4D-9610-D2FE4A9A40EE}.Release|Any CPU.ActiveCfg = Release|Any CPU
		{17A4864F-8A7C-4A4D-9610-D2FE4A9A40EE}.Release|Any CPU.Build.0 = Release|Any CPU
	EndGlobalSection
	GlobalSection(SolutionProperties) = preSolution
		HideSolutionNode = FALSE
	EndGlobalSection
	GlobalSection(NestedProjects) = preSolution
		{317EB399-A27F-4474-B368-0C42E285145A} = {E7A7714C-D63F-4720-8883-D1572623E7F3}
		{F397DEB3-33D5-42EA-A69C-AF50ECBDC027} = {E7A7714C-D63F-4720-8883-D1572623E7F3}
		{D5D13792-0AE9-4D81-81E1-D8FA1F9C3CBA} = {E7A7714C-D63F-4720-8883-D1572623E7F3}
		{B619E19B-9029-4979-9ACA-FFCD9E6A9B89} = {E7A7714C-D63F-4720-8883-D1572623E7F3}
		{4DAAD25F-870F-45E9-99C2-75525A687A1C} = {B619E19B-9029-4979-9ACA-FFCD9E6A9B89}
		{D2922870-1630-4877-8B87-FF4F74C6FBAF} = {4DAAD25F-870F-45E9-99C2-75525A687A1C}
		{50733E53-0F46-4C94-A631-01123D32B868} = {4DAAD25F-870F-45E9-99C2-75525A687A1C}
		{17A4864F-8A7C-4A4D-9610-D2FE4A9A40EE} = {4DAAD25F-870F-45E9-99C2-75525A687A1C}
	EndGlobalSection
EndGlobal
